// !$*UTF8*$!
{
	archiveVersion = 1;
	classes = {
	};
	objectVersion = 50;
	objects = {

/* Begin PBXBuildFile section */
		D247F27C221ED92500A62AA4 /* AppDelegate.swift in Sources */ = {isa = PBXBuildFile; fileRef = D247F27B221ED92500A62AA4 /* AppDelegate.swift */; };
		D247F27E221ED92500A62AA4 /* ViewController.swift in Sources */ = {isa = PBXBuildFile; fileRef = D247F27D221ED92500A62AA4 /* ViewController.swift */; };
		D247F281221ED92500A62AA4 /* Main.storyboard in Resources */ = {isa = PBXBuildFile; fileRef = D247F27F221ED92500A62AA4 /* Main.storyboard */; };
		D247F283221ED93B00A62AA4 /* Assets.xcassets in Resources */ = {isa = PBXBuildFile; fileRef = D247F282221ED93B00A62AA4 /* Assets.xcassets */; };
		D247F286221ED93B00A62AA4 /* LaunchScreen.storyboard in Resources */ = {isa = PBXBuildFile; fileRef = D247F284221ED93B00A62AA4 /* LaunchScreen.storyboard */; };
		D247F291221ED93B00A62AA4 /* WebserviceDemoTests.swift in Sources */ = {isa = PBXBuildFile; fileRef = D247F290221ED93B00A62AA4 /* WebserviceDemoTests.swift */; };
		D247F29C221ED93B00A62AA4 /* WebserviceDemoUITests.swift in Sources */ = {isa = PBXBuildFile; fileRef = D247F29B221ED93B00A62AA4 /* WebserviceDemoUITests.swift */; };
		D247F2AC221ED98100A62AA4 /* WebHandlerNew.swift in Sources */ = {isa = PBXBuildFile; fileRef = D247F2A9221ED98000A62AA4 /* WebHandlerNew.swift */; };
		D247F2AD221ED98100A62AA4 /* Reachability.swift in Sources */ = {isa = PBXBuildFile; fileRef = D247F2AA221ED98100A62AA4 /* Reachability.swift */; };
/* End PBXBuildFile section */

/* Begin PBXContainerItemProxy section */
		D247F28D221ED93B00A62AA4 /* PBXContainerItemProxy */ = {
			isa = PBXContainerItemProxy;
			containerPortal = D247F270221ED92500A62AA4 /* Project object */;
			proxyType = 1;
			remoteGlobalIDString = D247F277221ED92500A62AA4;
			remoteInfo = WebserviceDemo;
		};
		D247F298221ED93B00A62AA4 /* PBXContainerItemProxy */ = {
			isa = PBXContainerItemProxy;
			containerPortal = D247F270221ED92500A62AA4 /* Project object */;
			proxyType = 1;
			remoteGlobalIDString = D247F277221ED92500A62AA4;
			remoteInfo = WebserviceDemo;
		};
/* End PBXContainerItemProxy section */

/* Begin PBXFileReference section */
		D247F278221ED92500A62AA4 /* WebserviceDemo.app */ = {isa = PBXFileReference; explicitFileType = wrapper.application; includeInIndex = 0; path = WebserviceDemo.app; sourceTree = BUILT_PRODUCTS_DIR; };
		D247F27B221ED92500A62AA4 /* AppDelegate.swift */ = {isa = PBXFileReference; lastKnownFileType = sourcecode.swift; path = AppDelegate.swift; sourceTree = "<group>"; };
		D247F27D221ED92500A62AA4 /* ViewController.swift */ = {isa = PBXFileReference; lastKnownFileType = sourcecode.swift; path = ViewController.swift; sourceTree = "<group>"; };
		D247F280221ED92500A62AA4 /* Base */ = {isa = PBXFileReference; lastKnownFileType = file.storyboard; name = Base; path = Base.lproj/Main.storyboard; sourceTree = "<group>"; };
		D247F282221ED93B00A62AA4 /* Assets.xcassets */ = {isa = PBXFileReference; lastKnownFileType = folder.assetcatalog; path = Assets.xcassets; sourceTree = "<group>"; };
		D247F285221ED93B00A62AA4 /* Base */ = {isa = PBXFileReference; lastKnownFileType = file.storyboard; name = Base; path = Base.lproj/LaunchScreen.storyboard; sourceTree = "<group>"; };
		D247F287221ED93B00A62AA4 /* Info.plist */ = {isa = PBXFileReference; lastKnownFileType = text.plist.xml; path = Info.plist; sourceTree = "<group>"; };
		D247F28C221ED93B00A62AA4 /* WebserviceDemoTests.xctest */ = {isa = PBXFileReference; explicitFileType = wrapper.cfbundle; includeInIndex = 0; path = WebserviceDemoTests.xctest; sourceTree = BUILT_PRODUCTS_DIR; };
		D247F290221ED93B00A62AA4 /* WebserviceDemoTests.swift */ = {isa = PBXFileReference; lastKnownFileType = sourcecode.swift; path = WebserviceDemoTests.swift; sourceTree = "<group>"; };
		D247F292221ED93B00A62AA4 /* Info.plist */ = {isa = PBXFileReference; lastKnownFileType = text.plist.xml; path = Info.plist; sourceTree = "<group>"; };
		D247F297221ED93B00A62AA4 /* WebserviceDemoUITests.xctest */ = {isa = PBXFileReference; explicitFileType = wrapper.cfbundle; includeInIndex = 0; path = WebserviceDemoUITests.xctest; sourceTree = BUILT_PRODUCTS_DIR; };
		D247F29B221ED93B00A62AA4 /* WebserviceDemoUITests.swift */ = {isa = PBXFileReference; lastKnownFileType = sourcecode.swift; path = WebserviceDemoUITests.swift; sourceTree = "<group>"; };
		D247F29D221ED93B00A62AA4 /* Info.plist */ = {isa = PBXFileReference; lastKnownFileType = text.plist.xml; path = Info.plist; sourceTree = "<group>"; };
		D247F2A9221ED98000A62AA4 /* WebHandlerNew.swift */ = {isa = PBXFileReference; fileEncoding = 4; lastKnownFileType = sourcecode.swift; path = WebHandlerNew.swift; sourceTree = "<group>"; };
		D247F2AA221ED98100A62AA4 /* Reachability.swift */ = {isa = PBXFileReference; fileEncoding = 4; lastKnownFileType = sourcecode.swift; path = Reachability.swift; sourceTree = "<group>"; };
		D247F2AB221ED98100A62AA4 /* Reachability.h */ = {isa = PBXFileReference; fileEncoding = 4; lastKnownFileType = sourcecode.c.h; path = Reachability.h; sourceTree = "<group>"; };
/* End PBXFileReference section */

/* Begin PBXFrameworksBuildPhase section */
		D247F275221ED92500A62AA4 /* Frameworks */ = {
			isa = PBXFrameworksBuildPhase;
			buildActionMask = 2147483647;
			files = (
			);
			runOnlyForDeploymentPostprocessing = 0;
		};
		D247F289221ED93B00A62AA4 /* Frameworks */ = {
			isa = PBXFrameworksBuildPhase;
			buildActionMask = 2147483647;
			files = (
			);
			runOnlyForDeploymentPostprocessing = 0;
		};
		D247F294221ED93B00A62AA4 /* Frameworks */ = {
			isa = PBXFrameworksBuildPhase;
			buildActionMask = 2147483647;
			files = (
			);
			runOnlyForDeploymentPostprocessing = 0;
		};
/* End PBXFrameworksBuildPhase section */

/* Begin PBXGroup section */
		D247F26F221ED92400A62AA4 = {
			isa = PBXGroup;
			children = (
				D247F27A221ED92500A62AA4 /* WebserviceDemo */,
				D247F28F221ED93B00A62AA4 /* WebserviceDemoTests */,
				D247F29A221ED93B00A62AA4 /* WebserviceDemoUITests */,
				D247F279221ED92500A62AA4 /* Products */,
			);
			sourceTree = "<group>";
		};
		D247F279221ED92500A62AA4 /* Products */ = {
			isa = PBXGroup;
			children = (
				D247F278221ED92500A62AA4 /* WebserviceDemo.app */,
				D247F28C221ED93B00A62AA4 /* WebserviceDemoTests.xctest */,
				D247F297221ED93B00A62AA4 /* WebserviceDemoUITests.xctest */,
			);
			name = Products;
			sourceTree = "<group>";
		};
		D247F27A221ED92500A62AA4 /* WebserviceDemo */ = {
			isa = PBXGroup;
			children = (
				D247F27B221ED92500A62AA4 /* AppDelegate.swift */,
				D247F27D221ED92500A62AA4 /* ViewController.swift */,
				D247F2AB221ED98100A62AA4 /* Reachability.h */,
				D247F2AA221ED98100A62AA4 /* Reachability.swift */,
				D247F2A9221ED98000A62AA4 /* WebHandlerNew.swift */,
				D247F27F221ED92500A62AA4 /* Main.storyboard */,
				D247F282221ED93B00A62AA4 /* Assets.xcassets */,
				D247F284221ED93B00A62AA4 /* LaunchScreen.storyboard */,
				D247F287221ED93B00A62AA4 /* Info.plist */,
			);
			path = WebserviceDemo;
			sourceTree = "<group>";
		};
		D247F28F221ED93B00A62AA4 /* WebserviceDemoTests */ = {
			isa = PBXGroup;
			children = (
				D247F290221ED93B00A62AA4 /* WebserviceDemoTests.swift */,
				D247F292221ED93B00A62AA4 /* Info.plist */,
			);
			path = WebserviceDemoTests;
			sourceTree = "<group>";
		};
		D247F29A221ED93B00A62AA4 /* WebserviceDemoUITests */ = {
			isa = PBXGroup;
			children = (
				D247F29B221ED93B00A62AA4 /* WebserviceDemoUITests.swift */,
				D247F29D221ED93B00A62AA4 /* Info.plist */,
			);
			path = WebserviceDemoUITests;
			sourceTree = "<group>";
		};
/* End PBXGroup section */

/* Begin PBXNativeTarget section */
		D247F277221ED92500A62AA4 /* WebserviceDemo */ = {
			isa = PBXNativeTarget;
			buildConfigurationList = D247F2A0221ED93B00A62AA4 /* Build configuration list for PBXNativeTarget "WebserviceDemo" */;
			buildPhases = (
				D247F274221ED92500A62AA4 /* Sources */,
				D247F275221ED92500A62AA4 /* Frameworks */,
				D247F276221ED92500A62AA4 /* Resources */,
			);
			buildRules = (
			);
			dependencies = (
			);
			name = WebserviceDemo;
			productName = WebserviceDemo;
			productReference = D247F278221ED92500A62AA4 /* WebserviceDemo.app */;
			productType = "com.apple.product-type.application";
		};
		D247F28B221ED93B00A62AA4 /* WebserviceDemoTests */ = {
			isa = PBXNativeTarget;
			buildConfigurationList = D247F2A3221ED93B00A62AA4 /* Build configuration list for PBXNativeTarget "WebserviceDemoTests" */;
			buildPhases = (
				D247F288221ED93B00A62AA4 /* Sources */,
				D247F289221ED93B00A62AA4 /* Frameworks */,
				D247F28A221ED93B00A62AA4 /* Resources */,
			);
			buildRules = (
			);
			dependencies = (
				D247F28E221ED93B00A62AA4 /* PBXTargetDependency */,
			);
			name = WebserviceDemoTests;
			productName = WebserviceDemoTests;
			productReference = D247F28C221ED93B00A62AA4 /* WebserviceDemoTests.xctest */;
			productType = "com.apple.product-type.bundle.unit-test";
		};
		D247F296221ED93B00A62AA4 /* WebserviceDemoUITests */ = {
			isa = PBXNativeTarget;
			buildConfigurationList = D247F2A6221ED93B00A62AA4 /* Build configuration list for PBXNativeTarget "WebserviceDemoUITests" */;
			buildPhases = (
				D247F293221ED93B00A62AA4 /* Sources */,
				D247F294221ED93B00A62AA4 /* Frameworks */,
				D247F295221ED93B00A62AA4 /* Resources */,
			);
			buildRules = (
			);
			dependencies = (
				D247F299221ED93B00A62AA4 /* PBXTargetDependency */,
			);
			name = WebserviceDemoUITests;
			productName = WebserviceDemoUITests;
			productReference = D247F297221ED93B00A62AA4 /* WebserviceDemoUITests.xctest */;
			productType = "com.apple.product-type.bundle.ui-testing";
		};
/* End PBXNativeTarget section */

/* Begin PBXProject section */
		D247F270221ED92500A62AA4 /* Project object */ = {
			isa = PBXProject;
			attributes = {
				LastSwiftUpdateCheck = 1010;
				LastUpgradeCheck = 1010;
				ORGANIZATIONNAME = "Bitware Technologies";
				TargetAttributes = {
					D247F277221ED92500A62AA4 = {
						CreatedOnToolsVersion = 10.1;
					};
					D247F28B221ED93B00A62AA4 = {
						CreatedOnToolsVersion = 10.1;
						TestTargetID = D247F277221ED92500A62AA4;
					};
					D247F296221ED93B00A62AA4 = {
						CreatedOnToolsVersion = 10.1;
						TestTargetID = D247F277221ED92500A62AA4;
					};
				};
			};
			buildConfigurationList = D247F273221ED92500A62AA4 /* Build configuration list for PBXProject "WebserviceDemo" */;
			compatibilityVersion = "Xcode 9.3";
			developmentRegion = en;
			hasScannedForEncodings = 0;
			knownRegions = (
				en,
				Base,
			);
			mainGroup = D247F26F221ED92400A62AA4;
			productRefGroup = D247F279221ED92500A62AA4 /* Products */;
			projectDirPath = "";
			projectRoot = "";
			targets = (
				D247F277221ED92500A62AA4 /* WebserviceDemo */,
				D247F28B221ED93B00A62AA4 /* WebserviceDemoTests */,
				D247F296221ED93B00A62AA4 /* WebserviceDemoUITests */,
			);
		};
/* End PBXProject section */

/* Begin PBXResourcesBuildPhase section */
		D247F276221ED92500A62AA4 /* Resources */ = {
			isa = PBXResourcesBuildPhase;
			buildActionMask = 2147483647;
			files = (
				D247F286221ED93B00A62AA4 /* LaunchScreen.storyboard in Resources */,
				D247F283221ED93B00A62AA4 /* Assets.xcassets in Resources */,
				D247F281221ED92500A62AA4 /* Main.storyboard in Resources */,
			);
			runOnlyForDeploymentPostprocessing = 0;
		};
		D247F28A221ED93B00A62AA4 /* Resources */ = {
			isa = PBXResourcesBuildPhase;
			buildActionMask = 2147483647;
			files = (
			);
			runOnlyForDeploymentPostprocessing = 0;
		};
		D247F295221ED93B00A62AA4 /* Resources */ = {
			isa = PBXResourcesBuildPhase;
			buildActionMask = 2147483647;
			files = (
			);
			runOnlyForDeploymentPostprocessing = 0;
		};
/* End PBXResourcesBuildPhase section */

/* Begin PBXSourcesBuildPhase section */
		D247F274221ED92500A62AA4 /* Sources */ = {
			isa = PBXSourcesBuildPhase;
			buildActionMask = 2147483647;
			files = (
				D247F27E221ED92500A62AA4 /* ViewController.swift in Sources */,
				D247F2AC221ED98100A62AA4 /* WebHandlerNew.swift in Sources */,
				D247F2AD221ED98100A62AA4 /* Reachability.swift in Sources */,
				D247F27C221ED92500A62AA4 /* AppDelegate.swift in Sources */,
			);
			runOnlyForDeploymentPostprocessing = 0;
		};
		D247F288221ED93B00A62AA4 /* Sources */ = {
			isa = PBXSourcesBuildPhase;
			buildActionMask = 2147483647;
			files = (
				D247F291221ED93B00A62AA4 /* WebserviceDemoTests.swift in Sources */,
			);
			runOnlyForDeploymentPostprocessing = 0;
		};
		D247F293221ED93B00A62AA4 /* Sources */ = {
			isa = PBXSourcesBuildPhase;
			buildActionMask = 2147483647;
			files = (
				D247F29C221ED93B00A62AA4 /* WebserviceDemoUITests.swift in Sources */,
			);
			runOnlyForDeploymentPostprocessing = 0;
		};
/* End PBXSourcesBuildPhase section */

/* Begin PBXTargetDependency section */
		D247F28E221ED93B00A62AA4 /* PBXTargetDependency */ = {
			isa = PBXTargetDependency;
			target = D247F277221ED92500A62AA4 /* WebserviceDemo */;
			targetProxy = D247F28D221ED93B00A62AA4 /* PBXContainerItemProxy */;
		};
		D247F299221ED93B00A62AA4 /* PBXTargetDependency */ = {
			isa = PBXTargetDependency;
			target = D247F277221ED92500A62AA4 /* WebserviceDemo */;
			targetProxy = D247F298221ED93B00A62AA4 /* PBXContainerItemProxy */;
		};
/* End PBXTargetDependency section */

/* Begin PBXVariantGroup section */
		D247F27F221ED92500A62AA4 /* Main.storyboard */ = {
			isa = PBXVariantGroup;
			children = (
				D247F280221ED92500A62AA4 /* Base */,
			);
			name = Main.storyboard;
			sourceTree = "<group>";
		};
		D247F284221ED93B00A62AA4 /* LaunchScreen.storyboard */ = {
			isa = PBXVariantGroup;
			children = (
				D247F285221ED93B00A62AA4 /* Base */,
			);
			name = LaunchScreen.storyboard;
			sourceTree = "<group>";
		};
/* End PBXVariantGroup section */

/* Begin XCBuildConfiguration section */
		D247F29E221ED93B00A62AA4 /* Debug */ = {
			isa = XCBuildConfiguration;
			buildSettings = {
				ALWAYS_SEARCH_USER_PATHS = NO;
				CLANG_ANALYZER_NONNULL = YES;
				CLANG_ANALYZER_NUMBER_OBJECT_CONVERSION = YES_AGGRESSIVE;
				CLANG_CXX_LANGUAGE_STANDARD = "gnu++14";
				CLANG_CXX_LIBRARY = "libc++";
				CLANG_ENABLE_MODULES = YES;
				CLANG_ENABLE_OBJC_ARC = YES;
				CLANG_ENABLE_OBJC_WEAK = YES;
				CLANG_WARN_BLOCK_CAPTURE_AUTORELEASING = YES;
				CLANG_WARN_BOOL_CONVERSION = YES;
				CLANG_WARN_COMMA = YES;
				CLANG_WARN_CONSTANT_CONVERSION = YES;
				CLANG_WARN_DEPRECATED_OBJC_IMPLEMENTATIONS = YES;
				CLANG_WARN_DIRECT_OBJC_ISA_USAGE = YES_ERROR;
				CLANG_WARN_DOCUMENTATION_COMMENTS = YES;
				CLANG_WARN_EMPTY_BODY = YES;
				CLANG_WARN_ENUM_CONVERSION = YES;
				CLANG_WARN_INFINITE_RECURSION = YES;
				CLANG_WARN_INT_CONVERSION = YES;
				CLANG_WARN_NON_LITERAL_NULL_CONVERSION = YES;
				CLANG_WARN_OBJC_IMPLICIT_RETAIN_SELF = YES;
				CLANG_WARN_OBJC_LITERAL_CONVERSION = YES;
				CLANG_WARN_OBJC_ROOT_CLASS = YES_ERROR;
				CLANG_WARN_RANGE_LOOP_ANALYSIS = YES;
				CLANG_WARN_STRICT_PROTOTYPES = YES;
				CLANG_WARN_SUSPICIOUS_MOVE = YES;
				CLANG_WARN_UNGUARDED_AVAILABILITY = YES_AGGRESSIVE;
				CLANG_WARN_UNREACHABLE_CODE = YES;
				CLANG_WARN__DUPLICATE_METHOD_MATCH = YES;
				CODE_SIGN_IDENTITY = "iPhone Developer";
				COPY_PHASE_STRIP = NO;
				DEBUG_INFORMATION_FORMAT = dwarf;
				ENABLE_STRICT_OBJC_MSGSEND = YES;
				ENABLE_TESTABILITY = YES;
				GCC_C_LANGUAGE_STANDARD = gnu11;
				GCC_DYNAMIC_NO_PIC = NO;
				GCC_NO_COMMON_BLOCKS = YES;
				GCC_OPTIMIZATION_LEVEL = 0;
				GCC_PREPROCESSOR_DEFINITIONS = (
					"DEBUG=1",
					"$(inherited)",
				);
				GCC_WARN_64_TO_32_BIT_CONVERSION = YES;
				GCC_WARN_ABOUT_RETURN_TYPE = YES_ERROR;
				GCC_WARN_UNDECLARED_SELECTOR = YES;
				GCC_WARN_UNINITIALIZED_AUTOS = YES_AGGRESSIVE;
				GCC_WARN_UNUSED_FUNCTION = YES;
				GCC_WARN_UNUSED_VARIABLE = YES;
				IPHONEOS_DEPLOYMENT_TARGET = 12.1;
				MTL_ENABLE_DEBUG_INFO = INCLUDE_SOURCE;
				MTL_FAST_MATH = YES;
				ONLY_ACTIVE_ARCH = YES;
				SDKROOT = iphoneos;
				SWIFT_ACTIVE_COMPILATION_CONDITIONS = DEBUG;
				SWIFT_OPTIMIZATION_LEVEL = "-Onone";
			};
			name = Debug;
		};
		D247F29F221ED93B00A62AA4 /* Release */ = {
			isa = XCBuildConfiguration;
			buildSettings = {
				ALWAYS_SEARCH_USER_PATHS = NO;
				CLANG_ANALYZER_NONNULL = YES;
				CLANG_ANALYZER_NUMBER_OBJECT_CONVERSION = YES_AGGRESSIVE;
				CLANG_CXX_LANGUAGE_STANDARD = "gnu++14";
				CLANG_CXX_LIBRARY = "libc++";
				CLANG_ENABLE_MODULES = YES;
				CLANG_ENABLE_OBJC_ARC = YES;
				CLANG_ENABLE_OBJC_WEAK = YES;
				CLANG_WARN_BLOCK_CAPTURE_AUTORELEASING = YES;
				CLANG_WARN_BOOL_CONVERSION = YES;
				CLANG_WARN_COMMA = YES;
				CLANG_WARN_CONSTANT_CONVERSION = YES;
				CLANG_WARN_DEPRECATED_OBJC_IMPLEMENTATIONS = YES;
				CLANG_WARN_DIRECT_OBJC_ISA_USAGE = YES_ERROR;
				CLANG_WARN_DOCUMENTATION_COMMENTS = YES;
				CLANG_WARN_EMPTY_BODY = YES;
				CLANG_WARN_ENUM_CONVERSION = YES;
				CLANG_WARN_INFINITE_RECURSION = YES;
				CLANG_WARN_INT_CONVERSION = YES;
				CLANG_WARN_NON_LITERAL_NULL_CONVERSION = YES;
				CLANG_WARN_OBJC_IMPLICIT_RETAIN_SELF = YES;
				CLANG_WARN_OBJC_LITERAL_CONVERSION = YES;
				CLANG_WARN_OBJC_ROOT_CLASS = YES_ERROR;
				CLANG_WARN_RANGE_LOOP_ANALYSIS = YES;
				CLANG_WARN_STRICT_PROTOTYPES = YES;
				CLANG_WARN_SUSPICIOUS_MOVE = YES;
				CLANG_WARN_UNGUARDED_AVAILABILITY = YES_AGGRESSIVE;
				CLANG_WARN_UNREACHABLE_CODE = YES;
				CLANG_WARN__DUPLICATE_METHOD_MATCH = YES;
				CODE_SIGN_IDENTITY = "iPhone Developer";
				COPY_PHASE_STRIP = NO;
				DEBUG_INFORMATION_FORMAT = "dwarf-with-dsym";
				ENABLE_NS_ASSERTIONS = NO;
				ENABLE_STRICT_OBJC_MSGSEND = YES;
				GCC_C_LANGUAGE_STANDARD = gnu11;
				GCC_NO_COMMON_BLOCKS = YES;
				GCC_WARN_64_TO_32_BIT_CONVERSION = YES;
				GCC_WARN_ABOUT_RETURN_TYPE = YES_ERROR;
				GCC_WARN_UNDECLARED_SELECTOR = YES;
				GCC_WARN_UNINITIALIZED_AUTOS = YES_AGGRESSIVE;
				GCC_WARN_UNUSED_FUNCTION = YES;
				GCC_WARN_UNUSED_VARIABLE = YES;
				IPHONEOS_DEPLOYMENT_TARGET = 12.1;
				MTL_ENABLE_DEBUG_INFO = NO;
				MTL_FAST_MATH = YES;
				SDKROOT = iphoneos;
				SWIFT_COMPILATION_MODE = wholemodule;
				SWIFT_OPTIMIZATION_LEVEL = "-O";
				VALIDATE_PRODUCT = YES;
			};
			name = Release;
		};
		D247F2A1221ED93B00A62AA4 /* Debug */ = {
			isa = XCBuildConfiguration;
			buildSettings = {
				ASSETCATALOG_COMPILER_APPICON_NAME = AppIcon;
				CODE_SIGN_STYLE = Automatic;
				DEVELOPMENT_TEAM = 44CL6YCUR8;
				INFOPLIST_FILE = WebserviceDemo/Info.plist;
				LD_RUNPATH_SEARCH_PATHS = (
					"$(inherited)",
					"@executable_path/Frameworks",
				);
				PRODUCT_BUNDLE_IDENTIFIER = com.bitware.WebserviceDemo;
				PRODUCT_NAME = "$(TARGET_NAME)";
				SWIFT_VERSION = 4.2;
				TARGETED_DEVICE_FAMILY = "1,2";
			};
			name = Debug;
		};
		D247F2A2221ED93B00A62AA4 /* Release */ = {
			isa = XCBuildConfiguration;
			buildSettings = {
				ASSETCATALOG_COMPILER_APPICON_NAME = AppIcon;
				CODE_SIGN_STYLE = Automatic;
				DEVELOPMENT_TEAM = 44CL6YCUR8;
				INFOPLIST_FILE = WebserviceDemo/Info.plist;
				LD_RUNPATH_SEARCH_PATHS = (
					"$(inherited)",
					"@executable_path/Frameworks",
				);
				PRODUCT_BUNDLE_IDENTIFIER = com.bitware.WebserviceDemo;
				PRODUCT_NAME = "$(TARGET_NAME)";
				SWIFT_VERSION = 4.2;
				TARGETED_DEVICE_FAMILY = "1,2";
			};
			name = Release;
		};
		D247F2A4221ED93B00A62AA4 /* Debug */ = {
			isa = XCBuildConfiguration;
			buildSettings = {
				ALWAYS_EMBED_SWIFT_STANDARD_LIBRARIES = YES;
				BUNDLE_LOADER = "$(TEST_HOST)";
				CODE_SIGN_STYLE = Automatic;
				DEVELOPMENT_TEAM = 44CL6YCUR8;
				INFOPLIST_FILE = WebserviceDemoTests/Info.plist;
				LD_RUNPATH_SEARCH_PATHS = (
					"$(inherited)",
					"@executable_path/Frameworks",
					"@loader_path/Frameworks",
				);
				PRODUCT_BUNDLE_IDENTIFIER = com.bitware.WebserviceDemoTests;
				PRODUCT_NAME = "$(TARGET_NAME)";
				SWIFT_VERSION = 4.2;
				TARGETED_DEVICE_FAMILY = "1,2";
				TEST_HOST = "$(BUILT_PRODUCTS_DIR)/WebserviceDemo.app/WebserviceDemo";
			};
			name = Debug;
		};
		D247F2A5221ED93B00A62AA4 /* Release */ = {
			isa = XCBuildConfiguration;
			buildSettings = {
				ALWAYS_EMBED_SWIFT_STANDARD_LIBRARIES = YES;
				BUNDLE_LOADER = "$(TEST_HOST)";
				CODE_SIGN_STYLE = Automatic;
				DEVELOPMENT_TEAM = 44CL6YCUR8;
				INFOPLIST_FILE = WebserviceDemoTests/Info.plist;
				LD_RUNPATH_SEARCH_PATHS = (
					"$(inherited)",
					"@executable_path/Frameworks",
					"@loader_path/Frameworks",
				);
				PRODUCT_BUNDLE_IDENTIFIER = com.bitware.WebserviceDemoTests;
				PRODUCT_NAME = "$(TARGET_NAME)";
				SWIFT_VERSION = 4.2;
				TARGETED_DEVICE_FAMILY = "1,2";
				TEST_HOST = "$(BUILT_PRODUCTS_DIR)/WebserviceDemo.app/WebserviceDemo";
			};
			name = Release;
		};
		D247F2A7221ED93B00A62AA4 /* Debug */ = {
			isa = XCBuildConfiguration;
			buildSettings = {
				ALWAYS_EMBED_SWIFT_STANDARD_LIBRARIES = YES;
				CODE_SIGN_STYLE = Automatic;
				DEVELOPMENT_TEAM = 44CL6YCUR8;
				INFOPLIST_FILE = WebserviceDemoUITests/Info.plist;
				LD_RUNPATH_SEARCH_PATHS = (
					"$(inherited)",
					"@executable_path/Frameworks",
					"@loader_path/Frameworks",
				);
				PRODUCT_BUNDLE_IDENTIFIER = com.bitware.WebserviceDemoUITests;
				PRODUCT_NAME = "$(TARGET_NAME)";
				SWIFT_VERSION = 4.2;
				TARGETED_DEVICE_FAMILY = "1,2";
				TEST_TARGET_NAME = WebserviceDemo;
			};
			name = Debug;
		};
		D247F2A8221ED93B00A62AA4 /* Release */ = {
			isa = XCBuildConfiguration;
			buildSettings = {
				ALWAYS_EMBED_SWIFT_STANDARD_LIBRARIES = YES;
				CODE_SIGN_STYLE = Automatic;
				DEVELOPMENT_TEAM = 44CL6YCUR8;
				INFOPLIST_FILE = WebserviceDemoUITests/Info.plist;
				LD_RUNPATH_SEARCH_PATHS = (
					"$(inherited)",
					"@executable_path/Frameworks",
					"@loader_path/Frameworks",
				);
				PRODUCT_BUNDLE_IDENTIFIER = com.bitware.WebserviceDemoUITests;
				PRODUCT_NAME = "$(TARGET_NAME)";
				SWIFT_VERSION = 4.2;
				TARGETED_DEVICE_FAMILY = "1,2";
				TEST_TARGET_NAME = WebserviceDemo;
			};
			name = Release;
		};
/* End XCBuildConfiguration section */

/* Begin XCConfigurationList section */
		D247F273221ED92500A62AA4 /* Build configuration list for PBXProject "WebserviceDemo" */ = {
			isa = XCConfigurationList;
			buildConfigurations = (
				D247F29E221ED93B00A62AA4 /* Debug */,
				D247F29F221ED93B00A62AA4 /* Release */,
			);
			defaultConfigurationIsVisible = 0;
			defaultConfigurationName = Release;
		};
		D247F2A0221ED93B00A62AA4 /* Build configuration list for PBXNativeTarget "WebserviceDemo" */ = {
			isa = XCConfigurationList;
			buildConfigurations = (
				D247F2A1221ED93B00A62AA4 /* Debug */,
				D247F2A2221ED93B00A62AA4 /* Release */,
			);
			defaultConfigurationIsVisible = 0;
			defaultConfigurationName = Release;
		};
		D247F2A3221ED93B00A62AA4 /* Build configuration list for PBXNativeTarget "WebserviceDemoTests" */ = {
			isa = XCConfigurationList;
			buildConfigurations = (
				D247F2A4221ED93B00A62AA4 /* Debug */,
				D247F2A5221ED93B00A62AA4 /* Release */,
			);
			defaultConfigurationIsVisible = 0;
			defaultConfigurationName = Release;
		};
		D247F2A6221ED93B00A62AA4 /* Build configuration list for PBXNativeTarget "WebserviceDemoUITests" */ = {
			isa = XCConfigurationList;
			buildConfigurations = (
				D247F2A7221ED93B00A62AA4 /* Debug */,
				D247F2A8221ED93B00A62AA4 /* Release */,
			);
			defaultConfigurationIsVisible = 0;
			defaultConfigurationName = Release;
		};
/* End XCConfigurationList section */
	};
	rootObject = D247F270221ED92500A62AA4 /* Project object */;
}
